
Microsoft Visual Studio Solution File, Format Version 12.00
# Visual Studio Express 2012 for Web
Project("{FAE04EC0-301F-11D3-BF4B-00C04F79EFBC}") = "BigFont_Forms", "BigFont_Forms\BigFont_Forms.csproj", "{9134FA5F-EAA4-414D-8704-0FA82153970F}"
EndProject
Project("{FAE04EC0-301F-11D3-BF4B-00C04F79EFBC}") = "BigFont_MVC", "BigFont_MVC\BigFont_MVC.csproj", "{3FC5A523-DCFB-419E-9BE9-F3014961779D}"
EndProject
Project("{FAE04EC0-301F-11D3-BF4B-00C04F79EFBC}") = "BigFont_MVC.Tests", "BigFont_MVC.Tests\BigFont_MVC.Tests.csproj", "{2BC46A29-9121-492A-9083-DB2BDFF7B93A}"
EndProject
Global
	GlobalSection(SolutionConfigurationPlatforms) = preSolution
		Debug|Any CPU = Debug|Any CPU
		Release|Any CPU = Release|Any CPU
	EndGlobalSection
	GlobalSection(ProjectConfigurationPlatforms) = postSolution
		{9134FA5F-EAA4-414D-8704-0FA82153970F}.Debug|Any CPU.ActiveCfg = Debug|Any CPU
		{9134FA5F-EAA4-414D-8704-0FA82153970F}.Debug|Any CPU.Build.0 = Debug|Any CPU
		{9134FA5F-EAA4-414D-8704-0FA82153970F}.Release|Any CPU.ActiveCfg = Release|Any CPU
		{9134FA5F-EAA4-414D-8704-0FA82153970F}.Release|Any CPU.Build.0 = Release|Any CPU
		{3FC5A523-DCFB-419E-9BE9-F3014961779D}.Debug|Any CPU.ActiveCfg = Debug|Any CPU
		{3FC5A523-DCFB-419E-9BE9-F3014961779D}.Debug|Any CPU.Build.0 = Debug|Any CPU
		{3FC5A523-DCFB-419E-9BE9-F3014961779D}.Release|Any CPU.ActiveCfg = Release|Any CPU
		{3FC5A523-DCFB-419E-9BE9-F3014961779D}.Release|Any CPU.Build.0 = Release|Any CPU
		{2BC46A29-9121-492A-9083-DB2BDFF7B93A}.Debug|Any CPU.ActiveCfg = Debug|Any CPU
		{2BC46A29-9121-492A-9083-DB2BDFF7B93A}.Debug|Any CPU.Build.0 = Debug|Any CPU
		{2BC46A29-9121-492A-9083-DB2BDFF7B93A}.Release|Any CPU.ActiveCfg = Release|Any CPU
		{2BC46A29-9121-492A-9083-DB2BDFF7B93A}.Release|Any CPU.Build.0 = Release|Any CPU
	EndGlobalSection
	GlobalSection(SolutionProperties) = preSolution
		HideSolutionNode = FALSE
	EndGlobalSection
EndGlobal
