
Microsoft Visual Studio Solution File, Format Version 12.00
# Visual Studio 2013
VisualStudioVersion = 12.0.30723.0
MinimumVisualStudioVersion = 10.0.40219.1
Project("{FAE04EC0-301F-11D3-BF4B-00C04F79EFBC}") = "BigFont.MVC", "BigFont.MVC\BigFont.MVC.csproj", "{3FC5A523-DCFB-419E-9BE9-F3014961779D}"
EndProject
Project("{FAE04EC0-301F-11D3-BF4B-00C04F79EFBC}") = "BigFont.HtmlHelpers", "BigFont.HtmlHelpers\BigFont.HtmlHelpers.csproj", "{35C024EC-B5AE-4347-A363-7BDE5EC17E49}"
EndProject
Project("{2150E333-8FDC-42A3-9474-1A3956D46DE8}") = "Prototyping", "Prototyping", "{C66C48D8-B09A-4E3E-ABAE-92BC2CF65264}"
EndProject
Global
	GlobalSection(SolutionConfigurationPlatforms) = preSolution
		Debug|Any CPU = Debug|Any CPU
		Release|Any CPU = Release|Any CPU
	EndGlobalSection
	GlobalSection(ProjectConfigurationPlatforms) = postSolution
		{3FC5A523-DCFB-419E-9BE9-F3014961779D}.Debug|Any CPU.ActiveCfg = Debug|Any CPU
		{3FC5A523-DCFB-419E-9BE9-F3014961779D}.Debug|Any CPU.Build.0 = Debug|Any CPU
		{3FC5A523-DCFB-419E-9BE9-F3014961779D}.Release|Any CPU.ActiveCfg = Release|Any CPU
		{3FC5A523-DCFB-419E-9BE9-F3014961779D}.Release|Any CPU.Build.0 = Release|Any CPU
		{35C024EC-B5AE-4347-A363-7BDE5EC17E49}.Debug|Any CPU.ActiveCfg = Debug|Any CPU
		{35C024EC-B5AE-4347-A363-7BDE5EC17E49}.Debug|Any CPU.Build.0 = Debug|Any CPU
		{35C024EC-B5AE-4347-A363-7BDE5EC17E49}.Release|Any CPU.ActiveCfg = Release|Any CPU
		{35C024EC-B5AE-4347-A363-7BDE5EC17E49}.Release|Any CPU.Build.0 = Release|Any CPU
	EndGlobalSection
	GlobalSection(SolutionProperties) = preSolution
		HideSolutionNode = FALSE
	EndGlobalSection
	GlobalSection(NestedProjects) = preSolution
		{35C024EC-B5AE-4347-A363-7BDE5EC17E49} = {C66C48D8-B09A-4E3E-ABAE-92BC2CF65264}
	EndGlobalSection
EndGlobal
