
Microsoft Visual Studio Solution File, Format Version 12.00
# Visual Studio 2013
VisualStudioVersion = 12.0.21005.1
MinimumVisualStudioVersion = 10.0.40219.1
Project("{FAE04EC0-301F-11D3-BF4B-00C04F79EFBC}") = "BigFont.MVC", "BigFont.MVC\BigFont.MVC.csproj", "{3FC5A523-DCFB-419E-9BE9-F3014961779D}"
EndProject
Project("{FAE04EC0-301F-11D3-BF4B-00C04F79EFBC}") = "Account.Demo", "Account.Demo\Account.Demo.csproj", "{A2977003-0C46-466A-94E0-0826A55EE33B}"
EndProject
Global
	GlobalSection(SolutionConfigurationPlatforms) = preSolution
		Debug|Any CPU = Debug|Any CPU
		Release|Any CPU = Release|Any CPU
	EndGlobalSection
	GlobalSection(ProjectConfigurationPlatforms) = postSolution
		{3FC5A523-DCFB-419E-9BE9-F3014961779D}.Debug|Any CPU.ActiveCfg = Debug|Any CPU
		{3FC5A523-DCFB-419E-9BE9-F3014961779D}.Debug|Any CPU.Build.0 = Debug|Any CPU
		{3FC5A523-DCFB-419E-9BE9-F3014961779D}.Release|Any CPU.ActiveCfg = Release|Any CPU
		{3FC5A523-DCFB-419E-9BE9-F3014961779D}.Release|Any CPU.Build.0 = Release|Any CPU
		{A2977003-0C46-466A-94E0-0826A55EE33B}.Debug|Any CPU.ActiveCfg = Debug|Any CPU
		{A2977003-0C46-466A-94E0-0826A55EE33B}.Debug|Any CPU.Build.0 = Debug|Any CPU
		{A2977003-0C46-466A-94E0-0826A55EE33B}.Release|Any CPU.ActiveCfg = Release|Any CPU
		{A2977003-0C46-466A-94E0-0826A55EE33B}.Release|Any CPU.Build.0 = Release|Any CPU
	EndGlobalSection
	GlobalSection(SolutionProperties) = preSolution
		HideSolutionNode = FALSE
	EndGlobalSection
EndGlobal
